
Microsoft Visual Studio Solution File, Format Version 12.00
# Visual Studio 15
VisualStudioVersion = 15.0.27703.2048
MinimumVisualStudioVersion = 10.0.40219.1
Project("{9A19103F-16F7-4668-BE54-9A1E7A4F7556}") = "Groomgy.HealthChecks.AspNetCore", "Groomgy.HealthChecks.AspNetCore\Groomgy.HealthChecks.AspNetCore.csproj", "{A5CF7DF8-1D37-458C-AAA8-DDF1381C0502}"
EndProject
Project("{2150E333-8FDC-42A3-9474-1A3956D46DE8}") = "Solution Items", "Solution Items", "{9DE72B8D-8C56-43C6-9EE2-604846E2AE70}"
	ProjectSection(SolutionItems) = preProject
		.gitignore = .gitignore
		appveyor.yml = appveyor.yml
		build.fsx = build.fsx
		Directory.Build.props = Directory.Build.props
		fake.cmd = fake.cmd
		fake.sh = fake.sh
		LICENSE = LICENSE
		README.md = README.md
	EndProjectSection
EndProject
Project("{9A19103F-16F7-4668-BE54-9A1E7A4F7556}") = "Groomgy.HealthChecks.AspNetCore.Sqlite", "Groomgy.HealthChecks.AspNetCore.Sqlite\Groomgy.HealthChecks.AspNetCore.Sqlite.csproj", "{86750E6C-5B0D-4E30-8314-829F0F79CF77}"
EndProject
Project("{FAE04EC0-301F-11D3-BF4B-00C04F79EFBC}") = "Groomgy.HealthChecks.AspNetCore.Orleans", "Groomgy.HealthChecks.AspNetCore.Orleans\Groomgy.HealthChecks.AspNetCore.Orleans.csproj", "{FE82F57A-2419-413B-9CCB-7BE53D612FB1}"
EndProject
Global
	GlobalSection(SolutionConfigurationPlatforms) = preSolution
		Debug|Any CPU = Debug|Any CPU
		Release|Any CPU = Release|Any CPU
	EndGlobalSection
	GlobalSection(ProjectConfigurationPlatforms) = postSolution
		{A5CF7DF8-1D37-458C-AAA8-DDF1381C0502}.Debug|Any CPU.ActiveCfg = Debug|Any CPU
		{A5CF7DF8-1D37-458C-AAA8-DDF1381C0502}.Debug|Any CPU.Build.0 = Debug|Any CPU
		{A5CF7DF8-1D37-458C-AAA8-DDF1381C0502}.Release|Any CPU.ActiveCfg = Release|Any CPU
		{A5CF7DF8-1D37-458C-AAA8-DDF1381C0502}.Release|Any CPU.Build.0 = Release|Any CPU
		{86750E6C-5B0D-4E30-8314-829F0F79CF77}.Debug|Any CPU.ActiveCfg = Debug|Any CPU
		{86750E6C-5B0D-4E30-8314-829F0F79CF77}.Debug|Any CPU.Build.0 = Debug|Any CPU
		{86750E6C-5B0D-4E30-8314-829F0F79CF77}.Release|Any CPU.ActiveCfg = Release|Any CPU
		{86750E6C-5B0D-4E30-8314-829F0F79CF77}.Release|Any CPU.Build.0 = Release|Any CPU
		{FE82F57A-2419-413B-9CCB-7BE53D612FB1}.Debug|Any CPU.ActiveCfg = Debug|Any CPU
		{FE82F57A-2419-413B-9CCB-7BE53D612FB1}.Debug|Any CPU.Build.0 = Debug|Any CPU
		{FE82F57A-2419-413B-9CCB-7BE53D612FB1}.Release|Any CPU.ActiveCfg = Release|Any CPU
		{FE82F57A-2419-413B-9CCB-7BE53D612FB1}.Release|Any CPU.Build.0 = Release|Any CPU
	EndGlobalSection
	GlobalSection(SolutionProperties) = preSolution
		HideSolutionNode = FALSE
	EndGlobalSection
	GlobalSection(ExtensibilityGlobals) = postSolution
		SolutionGuid = {AF70CE4F-44E4-40D8-A1E0-F6643240AA0E}
	EndGlobalSection
EndGlobal
